
Microsoft Visual Studio Solution File, Format Version 12.00
# Visual Studio 15
VisualStudioVersion = 15.0.28307.102
MinimumVisualStudioVersion = 10.0.40219.1
Project("{FAE04EC0-301F-11D3-BF4B-00C04F79EFBC}") = "unit_01_09", "unit_01_09\unit_01_09.csproj", "{D3EA654A-2454-4541-862C-69B065C04B7A}"
EndProject
Global
	GlobalSection(SolutionConfigurationPlatforms) = preSolution
		Debug|Any CPU = Debug|Any CPU
		Release|Any CPU = Release|Any CPU
	EndGlobalSection
	GlobalSection(ProjectConfigurationPlatforms) = postSolution
		{D3EA654A-2454-4541-862C-69B065C04B7A}.Debug|Any CPU.ActiveCfg = Debug|Any CPU
		{D3EA654A-2454-4541-862C-69B065C04B7A}.Debug|Any CPU.Build.0 = Debug|Any CPU
		{D3EA654A-2454-4541-862C-69B065C04B7A}.Release|Any CPU.ActiveCfg = Release|Any CPU
		{D3EA654A-2454-4541-862C-69B065C04B7A}.Release|Any CPU.Build.0 = Release|Any CPU
	EndGlobalSection
	GlobalSection(SolutionProperties) = preSolution
		HideSolutionNode = FALSE
	EndGlobalSection
	GlobalSection(ExtensibilityGlobals) = postSolution
		SolutionGuid = {D2755BF2-F087-46A3-9C38-598756BF469A}
	EndGlobalSection
EndGlobal
